github.com/gethugothemes/hugo-modules/accordion v0.0.0-20250512035231-bb1514d411e2 h1:fyjZb9pfHY0k6Mp6iJrECMunjxkv17Sn3WPAi3U+BNY=
github.com/gethugothemes/hugo-modules/accordion v0.0.0-20250512035231-bb1514d411e2/go.mod h1:D4DpauKPDcUHI9CVKYmJeO6bkSJIhUN864TyXZ2o0VI=
github.com/gethugothemes/hugo-modules/adsense v0.0.0-20250512035231-bb1514d411e2 h1:6VSZ149OgcylbNnGRxY8vjZ6+rldwCZTU6z9MZs1LLY=
github.com/gethugothemes/hugo-modules/adsense v0.0.0-20250512035231-bb1514d411e2/go.mod h1:8p/gG/cyyu20z4q5cFN/JGE5TOFA55Xsp+aIP9KCsqo=
github.com/gethugothemes/hugo-modules/components/announcement v0.0.0-20250512035231-bb1514d411e2 h1:WerkHbW9B1eTcfVBKdNb2FGHcuMUFmafaZXKEbJcodg=
github.com/gethugothemes/hugo-modules/components/announcement v0.0.0-20250512035231-bb1514d411e2/go.mod h1:BO6vbFLvEgb45epi/QtUkQmTyqsWSwxIqTpwDvqJFHk=
github.com/gethugothemes/hugo-modules/components/cookie-consent v0.0.0-20250512035231-bb1514d411e2 h1:i18jUjIBhQFNZIPM3taYHVuPCgKG2rczmV3/NO7WXY4=
github.com/gethugothemes/hugo-modules/components/cookie-consent v0.0.0-20250512035231-bb1514d411e2/go.mod h1:511ERLpGe3ZTfV2z/NAtUSR5NqKF26h9z5lU/zYV4YQ=
github.com/gethugothemes/hugo-modules/components/custom-script v0.0.0-20250512035231-bb1514d411e2 h1:8p1pURB/77oHocvkNQwkvnqchKSk+4uZ3Eaw+tN3rdA=
github.com/gethugothemes/hugo-modules/components/custom-script v0.0.0-20250512035231-bb1514d411e2/go.mod h1:RuDHq4WnK8sNEzAIJr4BZQ7oXhzcct/EKaAxc2Xvi9E=
github.com/gethugothemes/hugo-modules/components/preloader v0.0.0-20250512035231-bb1514d411e2 h1:M0CKLNsvIo3k5u8ToXuaw9FYZnP8nu+1QBVyhbKgIVk=
github.com/gethugothemes/hugo-modules/components/preloader v0.0.0-20250512035231-bb1514d411e2/go.mod h1:FP0iQ3tMOesuWFZhLst2KEvUEYPb5Jk1GW+QBP9lrwg=
github.com/gethugothemes/hugo-modules/components/render-link v0.0.0-20250512035231-bb1514d411e2 h1:kRFZupt7fAXF1sVzzINEIyMuZAd4gwbGOjBcJp9xlsk=
github.com/gethugothemes/hugo-modules/components/render-link v0.0.0-20250512035231-bb1514d411e2/go.mod h1:z3YcIeEBUonAoRDY1/Jv1ojNVkZ5ud35a0Nn8L4Inx0=
github.com/gethugothemes/hugo-modules/components/social-share v0.0.0-20250512035231-bb1514d411e2 h1:2+ooNUqMsMnMrq7MURrRbNUjcrDLM97VYEQ/8QmaJmc=
github.com/gethugothemes/hugo-modules/components/social-share v0.0.0-20250512035231-bb1514d411e2/go.mod h1:Gcj4RM/EBECsJMZnPeWjfy/1roRYGqzV9GYNmeHkvFA=
github.com/gethugothemes/hugo-modules/gallery-slider v0.0.0-20250512035231-bb1514d411e2 h1:8rKoEvpeOspb7ItRAsdP+InWBajDwyjZevuohOnEnVM=
github.com/gethugothemes/hugo-modules/gallery-slider v0.0.0-20250512035231-bb1514d411e2/go.mod h1:MvQ2js/ofZ22CTX5wuvE+dC0rMe6C5HAWL2fEOu/yzE=
github.com/gethugothemes/hugo-modules/gzip-caching v0.0.0-20250512035231-bb1514d411e2 h1:rcgt7sg9w0iD6fpGn/KDA4w8NcwsVu5htuYnHW99yE8=
github.com/gethugothemes/hugo-modules/gzip-caching v0.0.0-20250512035231-bb1514d411e2/go.mod h1:0ZMjTZVG4XLZU2/icc8Saqo4mmgMpfRTrUZU2Aa2Pwg=
github.com/gethugothemes/hugo-modules/icons/font-awesome v0.0.0-20250512035231-bb1514d411e2 h1:f1icN+cWEMBJkcnu6waM4D+flxUvRPIXwFDcnm1w0Sw=
github.com/gethugothemes/hugo-modules/icons/font-awesome v0.0.0-20250512035231-bb1514d411e2/go.mod h1:d3gy1vQyfasPmGpau7HpQLrXbOv23PfXclSnjyOBxeU=
github.com/gethugothemes/hugo-modules/images v0.0.0-20250512035231-bb1514d411e2 h1:Zkrk8S+oREteMGHsYWJzAxaeZCQ1dP9fFs/kI5h9/6c=
github.com/gethugothemes/hugo-modules/images v0.0.0-20250512035231-bb1514d411e2/go.mod h1:FKliP3qOW9diIcQeLtyZ0Hdhg3PL8bdAkC/6O+XtU90=
github.com/gethugothemes/hugo-modules/modal v0.0.0-20250512035231-bb1514d411e2 h1:3grURV4E8HQyK16ZEwcTpSKj/HKdTdMRivl4nkZAgKQ=
github.com/gethugothemes/hugo-modules/modal v0.0.0-20250512035231-bb1514d411e2/go.mod h1:Eb9v7oV6biymfvjcBhQdvgn0gUGYhUtfCMeOBLFpFsk=
github.com/gethugothemes/hugo-modules/pwa v0.0.0-20250512035231-bb1514d411e2 h1:6mNUbXoVUPwUIdH27f322CtNLvQhJc9SCIN0YQ6LnAo=
github.com/gethugothemes/hugo-modules/pwa v0.0.0-20250512035231-bb1514d411e2/go.mod h1:TRv7iszdfo37O1PbBEE+S8X/enAdpRIxK5DGrp13Qbo=
github.com/gethugothemes/hugo-modules/search v0.0.0-20250512035231-bb1514d411e2 h1:NU3JXAhKO9QfIkM+J3j9tKAasSPv4uh8XTNnVc5VIto=
github.com/gethugothemes/hugo-modules/search v0.0.0-20250512035231-bb1514d411e2/go.mod h1:tmDvLaZCM+QDvS/WLZXNjY1QTdWh7/68D2wIToECbyA=
github.com/gethugothemes/hugo-modules/seo-tools/basic-seo v0.0.0-20250512035231-bb1514d411e2 h1:djNKjhh7F8zIznndneEmdjDAN4Btl6BD4D39Dos+SpY=
github.com/gethugothemes/hugo-modules/seo-tools/basic-seo v0.0.0-20250512035231-bb1514d411e2/go.mod h1:Q8dPgjamV7pxwKSQyWV21Xwh5CGi23/k+M8HPTphYbs=
github.com/gethugothemes/hugo-modules/seo-tools/google-tag-manager v0.0.0-20250512035231-bb1514d411e2 h1:YQ00kLxYRo8xoFj1Np7t+u9IONBDYtJ00gRPceYn0OQ=
github.com/gethugothemes/hugo-modules/seo-tools/google-tag-manager v0.0.0-20250512035231-bb1514d411e2/go.mod h1:cCq50yd55eFTrpqOfeyOK5X0hU5E7qxsqOD7IzTsgLA=
github.com/gethugothemes/hugo-modules/seo-tools/site-verifications v0.0.0-20250512035231-bb1514d411e2 h1:5WYg0ayytqUN4Qc/1f7fAtsgNBUK9NHPd9siTtQctc4=
github.com/gethugothemes/hugo-modules/seo-tools/site-verifications v0.0.0-20250512035231-bb1514d411e2/go.mod h1:iXielaya126qJscz7Bc2G2WB91moloQOoWru6UoBUyE=
github.com/gethugothemes/hugo-modules/shortcodes/button v0.0.0-20250512035231-bb1514d411e2 h1:JwjN90ej1+ZIJMQOwW2+4lyjDs1i49/TRmEGlc9yRjw=
github.com/gethugothemes/hugo-modules/shortcodes/button v0.0.0-20250512035231-bb1514d411e2/go.mod h1:MSvxGvjvcGUKTs6YMATU/9kYFrzW+VSVdy4CCOQLdsY=
github.com/gethugothemes/hugo-modules/shortcodes/notice v0.0.0-20250512035231-bb1514d411e2 h1:rr+8bVxlyhPSvVvPkISFmMuN8sbQg/Ne32TM8F+iSzE=
github.com/gethugothemes/hugo-modules/shortcodes/notice v0.0.0-20250512035231-bb1514d411e2/go.mod h1:ljWyMJx82WA+6SlKjbGFhEdxcriyvUTCjXkJHDa4lho=
github.com/gethugothemes/hugo-modules/tab v0.0.0-20250512035231-bb1514d411e2 h1:NBrZc57pzbJTRgMNVl9ryAzhUGmCdXUwHtuimmVvudY=
github.com/gethugothemes/hugo-modules/tab v0.0.0-20250512035231-bb1514d411e2/go.mod h1:h3UxlxrFoU19JldxWLPBKaTZFe3AJtABrqo1wfxr+Ng=
github.com/gethugothemes/hugo-modules/table-of-contents v0.0.0-20250512035231-bb1514d411e2 h1:cIqPonhKxhVljn2fI6whjzk0k49vWKLLRHyesi/oyLk=
github.com/gethugothemes/hugo-modules/table-of-contents v0.0.0-20250512035231-bb1514d411e2/go.mod h1:bEDw4veccQQQYEdVrfu13ATRUWfW8ptDIjJZuhYh4Tw=
github.com/gethugothemes/hugo-modules/videos v0.0.0-20250512035231-bb1514d411e2 h1:4vHnEC59jN9DvGmERoer4cVOo7GhgMHUpoxVR7iKuCU=
github.com/gethugothemes/hugo-modules/videos v0.0.0-20250512035231-bb1514d411e2/go.mod h1:P722lLWdnNhdZVq6gvMrOLqECUwrAYQWaOWlChta5H0=
github.com/hugomods/mermaid v0.1.4 h1:/u0FZRSBMpqTbDh4XPBL7c6p0DUjvIkoo9cC89GASSI=
github.com/hugomods/mermaid v0.1.4/go.mod h1:GOID2Ko1vdrX03ZMaFNQL/vdTU1tZmGcVjOgBN8O42Y=
github.com/zeon-studio/hugoplate v0.0.0-20250507095558-974f11b1e3ff h1:1UiCvpTPomZXE0Js5vwR9Pz+wyAFHt/buuAgah9l5dw=
github.com/zeon-studio/hugoplate v0.0.0-20250507095558-974f11b1e3ff/go.mod h1:YlRIwdTWidquf1dhtx+mDfu0I3KVrVQB4wi4UmHlK3E=
